{
  "nodes": {
    "flake-parts": {
      "inputs": {
        "nixpkgs-lib": "nixpkgs-lib"
      },
      "locked": {
        "lastModified": 1701473968,
        "narHash": "sha256-YcVE5emp1qQ8ieHUnxt1wCZCC3ZfAS+SRRWZ2TMda7E=",
        "owner": "hercules-ci",
        "repo": "flake-parts",
        "rev": "34fed993f1674c8d06d58b37ce1e0fe5eebcb9f5",
        "type": "github"
      },
      "original": {
        "owner": "hercules-ci",
        "repo": "flake-parts",
        "type": "github"
      }
    },
    "flake-utils": {
      "inputs": {
        "systems": "systems"
      },
      "locked": {
        "lastModified": 1731533236,
        "narHash": "sha256-l0KFg5HjrsfsO/JpG+r7fRrqm12kzFHyUHqHCVpMMbI=",
        "owner": "numtide",
        "repo": "flake-utils",
        "rev": "11707dc2f618dd54ca8739b309ec4fc024de578b",
        "type": "github"
      },
      "original": {
        "id": "flake-utils",
        "type": "indirect"
      }
    },
    "flutter-nix": {
      "inputs": {
        "flake-parts": "flake-parts",
        "nixpkgs": "nixpkgs"
      },
      "locked": {
        "lastModified": 1708126329,
        "narHash": "sha256-yTeEBKVDwBYhSOSPpAqzGWf8RugIu4VLHoyBeCd15Ns=",
        "owner": "maximoffua",
        "repo": "flutter.nix",
        "rev": "211f3bf096ea489951c18a3847d0ca0e92df60ee",
        "type": "github"
      },
      "original": {
        "owner": "maximoffua",
        "ref": "3.19.0",
        "repo": "flutter.nix",
        "type": "github"
      }
    },
    "nixos-grub-themes": {
      "inputs": {
        "nixpkgs": "nixpkgs_2"
      },
      "locked": {
        "lastModified": 1720290504,
        "narHash": "sha256-QeIUxy0XJtp8SPes/TdDxzHCl96rgwYhX9kd65rIZ2s=",
        "owner": "jeslie0",
        "repo": "nixos-grub-themes",
        "rev": "781c410c3522fc62a99206a6c3e8469a5fc90a01",
        "type": "github"
      },
      "original": {
        "owner": "jeslie0",
        "repo": "nixos-grub-themes",
        "type": "github"
      }
    },
    "nixos-hardware": {
      "locked": {
        "lastModified": 1742376361,
        "narHash": "sha256-VFMgJkp/COvkt5dnkZB4D2szVdmF6DGm5ZdVvTUy61c=",
        "owner": "Nixos",
        "repo": "nixos-hardware",
        "rev": "daaae13dff0ecc692509a1332ff9003d9952d7a9",
        "type": "github"
      },
      "original": {
        "owner": "Nixos",
        "ref": "master",
        "repo": "nixos-hardware",
        "type": "github"
      }
    },
    "nixpkgs": {
      "locked": {
        "lastModified": 1701436327,
        "narHash": "sha256-tRHbnoNI8SIM5O5xuxOmtSLnswEByzmnQcGGyNRjxsE=",
        "owner": "NixOS",
        "repo": "nixpkgs",
        "rev": "91050ea1e57e50388fa87a3302ba12d188ef723a",
        "type": "github"
      },
      "original": {
        "owner": "NixOS",
        "ref": "nixos-unstable",
        "repo": "nixpkgs",
        "type": "github"
      }
    },
    "nixpkgs-lib": {
      "locked": {
        "dir": "lib",
        "lastModified": 1701253981,
        "narHash": "sha256-ztaDIyZ7HrTAfEEUt9AtTDNoCYxUdSd6NrRHaYOIxtk=",
        "owner": "NixOS",
        "repo": "nixpkgs",
        "rev": "e92039b55bcd58469325ded85d4f58dd5a4eaf58",
        "type": "github"
      },
      "original": {
        "dir": "lib",
        "owner": "NixOS",
        "ref": "nixos-unstable",
        "repo": "nixpkgs",
        "type": "github"
      }
    },
    "nixpkgsUnstable": {
      "locked": {
        "lastModified": 1742272065,
        "narHash": "sha256-ud8vcSzJsZ/CK+r8/v0lyf4yUntVmDq6Z0A41ODfWbE=",
        "owner": "NixOS",
        "repo": "nixpkgs",
        "rev": "3549532663732bfd89993204d40543e9edaec4f2",
        "type": "github"
      },
      "original": {
        "owner": "NixOS",
        "ref": "nixpkgs-unstable",
        "repo": "nixpkgs",
        "type": "github"
      }
    },
    "nixpkgs_2": {
      "locked": {
        "lastModified": 1702151865,
        "narHash": "sha256-9VAt19t6yQa7pHZLDbil/QctAgVsA66DLnzdRGqDisg=",
        "owner": "nixos",
        "repo": "nixpkgs",
        "rev": "666fc80e7b2afb570462423cb0e1cf1a3a34fedd",
        "type": "github"
      },
      "original": {
        "owner": "nixos",
        "ref": "nixos-unstable",
        "repo": "nixpkgs",
        "type": "github"
      }
    },
    "nixpkgs_3": {
      "locked": {
        "lastModified": 1742268799,
        "narHash": "sha256-IhnK4LhkBlf14/F8THvUy3xi/TxSQkp9hikfDZRD4Ic=",
        "owner": "NixOS",
        "repo": "nixpkgs",
        "rev": "da044451c6a70518db5b730fe277b70f494188f1",
        "type": "github"
      },
      "original": {
        "owner": "NixOS",
        "ref": "nixos-24.11",
        "repo": "nixpkgs",
        "type": "github"
      }
    },
    "nixpkgs_4": {
      "locked": {
        "lastModified": 1742288794,
        "narHash": "sha256-Txwa5uO+qpQXrNG4eumPSD+hHzzYi/CdaM80M9XRLCo=",
        "owner": "nixos",
        "repo": "nixpkgs",
        "rev": "b6eaf97c6960d97350c584de1b6dcff03c9daf42",
        "type": "github"
      },
      "original": {
        "owner": "nixos",
        "ref": "nixos-unstable",
        "repo": "nixpkgs",
        "type": "github"
      }
    },
    "root": {
      "inputs": {
        "flake-utils": "flake-utils",
        "flutter-nix": "flutter-nix",
        "nixos-grub-themes": "nixos-grub-themes",
        "nixos-hardware": "nixos-hardware",
        "nixpkgs": "nixpkgs_3",
        "nixpkgsUnstable": "nixpkgsUnstable",
        "zen-browser": "zen-browser"
      }
    },
    "systems": {
      "locked": {
        "lastModified": 1681028828,
        "narHash": "sha256-Vy1rq5AaRuLzOxct8nz4T6wlgyUR7zLU309k9mBC768=",
        "owner": "nix-systems",
        "repo": "default",
        "rev": "da67096a3b9bf56a91d16901293e51ba5b49a27e",
        "type": "github"
      },
      "original": {
        "owner": "nix-systems",
        "repo": "default",
        "type": "github"
      }
    },
    "zen-browser": {
      "inputs": {
        "nixpkgs": "nixpkgs_4"
      },
      "locked": {
        "lastModified": 1742378269,
        "narHash": "sha256-UwikV5DFQxt4dXnp/Q7jmXBPfL1JP0apdWK3LYh7RNI=",
        "owner": "pneumaea",
        "repo": "zen-browser-flake",
        "rev": "f5114156d39d96bcbaefbe367d16029d1e582e79",
        "type": "github"
      },
      "original": {
        "owner": "pneumaea",
        "repo": "zen-browser-flake",
        "type": "github"
      }
    }
  },
  "root": "root",
  "version": 7
}
